Microsoft Visual Studio Solution File, Format Version 12.00
# Visual Studio Version 17
VisualStudioVersion = 17.5.2.0
MinimumVisualStudioVersion = 10.0.40219.1
Project("{FAE04EC0-301F-11D3-BF4B-00C04F79EFBC}") = "TextboxCheckSameTextApp", "TextboxCheckSameTextApp.csproj", "{37A68E7F-EF0E-09BC-3D41-4558CF3CB9A5}"
EndProject
Global
	GlobalSection(SolutionConfigurationPlatforms) = preSolution
		Debug|Any CPU = Debug|Any CPU
		Release|Any CPU = Release|Any CPU
	EndGlobalSection
	GlobalSection(ProjectConfigurationPlatforms) = postSolution
		{37A68E7F-EF0E-09BC-3D41-4558CF3CB9A5}.Debug|Any CPU.ActiveCfg = Debug|Any CPU
		{37A68E7F-EF0E-09BC-3D41-4558CF3CB9A5}.Debug|Any CPU.Build.0 = Debug|Any CPU
		{37A68E7F-EF0E-09BC-3D41-4558CF3CB9A5}.Release|Any CPU.ActiveCfg = Release|Any CPU
		{37A68E7F-EF0E-09BC-3D41-4558CF3CB9A5}.Release|Any CPU.Build.0 = Release|Any CPU
	EndGlobalSection
	GlobalSection(SolutionProperties) = preSolution
		HideSolutionNode = FALSE
	EndGlobalSection
	GlobalSection(ExtensibilityGlobals) = postSolution
		SolutionGuid = {6631DA93-0D21-4F7D-9788-64B6D06F4581}
	EndGlobalSection
EndGlobal
